
Microsoft Visual Studio Solution File, Format Version 12.00
# Visual Studio Version 17
VisualStudioVersion = 17.4.33122.133
MinimumVisualStudioVersion = 10.0.40219.1
Project("{9A19103F-16F7-4668-BE54-9A1E7A4F7556}") = "ONE.Abp.Pagination", "src\ONE.Abp.Pagination\ONE.Abp.Pagination.csproj", "{BB8DCD64-54EC-41C5-9EED-85BF6FB1E3A7}"
EndProject
Project("{9A19103F-16F7-4668-BE54-9A1E7A4F7556}") = "ONE.Abp.Data", "src\ONE.Abp.Data\ONE.Abp.Data.csproj", "{45CA90F7-3A0A-47A4-A67D-36152EEA75C8}"
EndProject
Project("{9A19103F-16F7-4668-BE54-9A1E7A4F7556}") = "ONE.Abp.Data.Tests", "test\ONE.Abp.Data.Tests\ONE.Abp.Data.Tests.csproj", "{9F5CB4BF-E399-4723-98AD-862695EA7FC8}"
EndProject
Project("{9A19103F-16F7-4668-BE54-9A1E7A4F7556}") = "ONE.Abp.DataPermission", "src\ONE.Abp.DataPermission\ONE.Abp.DataPermission.csproj", "{1D1020B9-3122-46E7-A742-8F0EB34B7057}"
EndProject
Project("{9A19103F-16F7-4668-BE54-9A1E7A4F7556}") = "ONE.Abp.DataPermission.Tests", "test\ONE.Abp.DataPermission.Tests\ONE.Abp.DataPermission.Tests.csproj", "{EC20B824-CC45-4DFC-B99B-35C234F05F1C}"
EndProject
Project("{9A19103F-16F7-4668-BE54-9A1E7A4F7556}") = "ONE.Abp.DataPermission.Extension", "src\ONE.Abp.DataPermission.Extension\ONE.Abp.DataPermission.Extension.csproj", "{3C853515-FE31-454A-9D70-9B6F03E5FD06}"
EndProject
Project("{9A19103F-16F7-4668-BE54-9A1E7A4F7556}") = "ONE.Abp.Shared.Hosting", "src\ONE.Abp.Shared.Hosting\ONE.Abp.Shared.Hosting.csproj", "{F77D93E6-42F2-4E7B-95BB-DC2AC618C1AB}"
EndProject
Project("{9A19103F-16F7-4668-BE54-9A1E7A4F7556}") = "ONE.Abp.Shared.Hosting.Microservice", "src\ONE.Abp.Shared.Hosting.Microservice\ONE.Abp.Shared.Hosting.Microservice.csproj", "{08EE4250-56E1-40DC-BB39-345C6D30314A}"
EndProject
Project("{9A19103F-16F7-4668-BE54-9A1E7A4F7556}") = "ONE.Abp.Shared.Hosting.Gateway", "src\ONE.Abp.Shared.Hosting.Gateway\ONE.Abp.Shared.Hosting.Gateway.csproj", "{C1510843-0EB3-40E9-987B-87E29C73BC66}"
EndProject
Project("{9A19103F-16F7-4668-BE54-9A1E7A4F7556}") = "ONE.Abp.Cli", "src\ONE.Abp.Cli\ONE.Abp.Cli.csproj", "{61C283A8-6D0F-4720-AA53-56CDC9144D36}"
EndProject
Project("{9A19103F-16F7-4668-BE54-9A1E7A4F7556}") = "ONE.Abp.Shared", "src\ONE.Abp.Shared\ONE.Abp.Shared.csproj", "{A01FD32B-BE41-47F7-A9BC-A421C875B66D}"
EndProject
Project("{2150E333-8FDC-42A3-9474-1A3956D46DE8}") = "src", "src", "{649A3FFA-182F-4E56-9717-E6A9A2BEC545}"
EndProject
Project("{2150E333-8FDC-42A3-9474-1A3956D46DE8}") = "test", "test", "{CCD2960C-23CC-4AB4-B84D-60C7AAA52F4D}"
EndProject
Project("{9A19103F-16F7-4668-BE54-9A1E7A4F7556}") = "ONE.Abp.Pagination.Contracts", "src\ONE.Abp.Pagination.Contracts\ONE.Abp.Pagination.Contracts.csproj", "{9938D71D-35CD-4907-90B3-67C9F94FF78E}"
EndProject
Global
	GlobalSection(SolutionConfigurationPlatforms) = preSolution
		Debug|Any CPU = Debug|Any CPU
		Release|Any CPU = Release|Any CPU
	EndGlobalSection
	GlobalSection(ProjectConfigurationPlatforms) = postSolution
		{BB8DCD64-54EC-41C5-9EED-85BF6FB1E3A7}.Debug|Any CPU.ActiveCfg = Debug|Any CPU
		{BB8DCD64-54EC-41C5-9EED-85BF6FB1E3A7}.Debug|Any CPU.Build.0 = Debug|Any CPU
		{BB8DCD64-54EC-41C5-9EED-85BF6FB1E3A7}.Release|Any CPU.ActiveCfg = Release|Any CPU
		{BB8DCD64-54EC-41C5-9EED-85BF6FB1E3A7}.Release|Any CPU.Build.0 = Release|Any CPU
		{45CA90F7-3A0A-47A4-A67D-36152EEA75C8}.Debug|Any CPU.ActiveCfg = Debug|Any CPU
		{45CA90F7-3A0A-47A4-A67D-36152EEA75C8}.Debug|Any CPU.Build.0 = Debug|Any CPU
		{45CA90F7-3A0A-47A4-A67D-36152EEA75C8}.Release|Any CPU.ActiveCfg = Release|Any CPU
		{45CA90F7-3A0A-47A4-A67D-36152EEA75C8}.Release|Any CPU.Build.0 = Release|Any CPU
		{9F5CB4BF-E399-4723-98AD-862695EA7FC8}.Debug|Any CPU.ActiveCfg = Debug|Any CPU
		{9F5CB4BF-E399-4723-98AD-862695EA7FC8}.Debug|Any CPU.Build.0 = Debug|Any CPU
		{9F5CB4BF-E399-4723-98AD-862695EA7FC8}.Release|Any CPU.ActiveCfg = Release|Any CPU
		{9F5CB4BF-E399-4723-98AD-862695EA7FC8}.Release|Any CPU.Build.0 = Release|Any CPU
		{1D1020B9-3122-46E7-A742-8F0EB34B7057}.Debug|Any CPU.ActiveCfg = Debug|Any CPU
		{1D1020B9-3122-46E7-A742-8F0EB34B7057}.Debug|Any CPU.Build.0 = Debug|Any CPU
		{1D1020B9-3122-46E7-A742-8F0EB34B7057}.Release|Any CPU.ActiveCfg = Release|Any CPU
		{1D1020B9-3122-46E7-A742-8F0EB34B7057}.Release|Any CPU.Build.0 = Release|Any CPU
		{EC20B824-CC45-4DFC-B99B-35C234F05F1C}.Debug|Any CPU.ActiveCfg = Debug|Any CPU
		{EC20B824-CC45-4DFC-B99B-35C234F05F1C}.Debug|Any CPU.Build.0 = Debug|Any CPU
		{EC20B824-CC45-4DFC-B99B-35C234F05F1C}.Release|Any CPU.ActiveCfg = Release|Any CPU
		{EC20B824-CC45-4DFC-B99B-35C234F05F1C}.Release|Any CPU.Build.0 = Release|Any CPU
		{3C853515-FE31-454A-9D70-9B6F03E5FD06}.Debug|Any CPU.ActiveCfg = Debug|Any CPU
		{3C853515-FE31-454A-9D70-9B6F03E5FD06}.Debug|Any CPU.Build.0 = Debug|Any CPU
		{3C853515-FE31-454A-9D70-9B6F03E5FD06}.Release|Any CPU.ActiveCfg = Release|Any CPU
		{3C853515-FE31-454A-9D70-9B6F03E5FD06}.Release|Any CPU.Build.0 = Release|Any CPU
		{F77D93E6-42F2-4E7B-95BB-DC2AC618C1AB}.Debug|Any CPU.ActiveCfg = Debug|Any CPU
		{F77D93E6-42F2-4E7B-95BB-DC2AC618C1AB}.Debug|Any CPU.Build.0 = Debug|Any CPU
		{F77D93E6-42F2-4E7B-95BB-DC2AC618C1AB}.Release|Any CPU.ActiveCfg = Release|Any CPU
		{F77D93E6-42F2-4E7B-95BB-DC2AC618C1AB}.Release|Any CPU.Build.0 = Release|Any CPU
		{08EE4250-56E1-40DC-BB39-345C6D30314A}.Debug|Any CPU.ActiveCfg = Debug|Any CPU
		{08EE4250-56E1-40DC-BB39-345C6D30314A}.Debug|Any CPU.Build.0 = Debug|Any CPU
		{08EE4250-56E1-40DC-BB39-345C6D30314A}.Release|Any CPU.ActiveCfg = Release|Any CPU
		{08EE4250-56E1-40DC-BB39-345C6D30314A}.Release|Any CPU.Build.0 = Release|Any CPU
		{C1510843-0EB3-40E9-987B-87E29C73BC66}.Debug|Any CPU.ActiveCfg = Debug|Any CPU
		{C1510843-0EB3-40E9-987B-87E29C73BC66}.Debug|Any CPU.Build.0 = Debug|Any CPU
		{C1510843-0EB3-40E9-987B-87E29C73BC66}.Release|Any CPU.ActiveCfg = Release|Any CPU
		{C1510843-0EB3-40E9-987B-87E29C73BC66}.Release|Any CPU.Build.0 = Release|Any CPU
		{61C283A8-6D0F-4720-AA53-56CDC9144D36}.Debug|Any CPU.ActiveCfg = Debug|Any CPU
		{61C283A8-6D0F-4720-AA53-56CDC9144D36}.Debug|Any CPU.Build.0 = Debug|Any CPU
		{61C283A8-6D0F-4720-AA53-56CDC9144D36}.Release|Any CPU.ActiveCfg = Release|Any CPU
		{61C283A8-6D0F-4720-AA53-56CDC9144D36}.Release|Any CPU.Build.0 = Release|Any CPU
		{A01FD32B-BE41-47F7-A9BC-A421C875B66D}.Debug|Any CPU.ActiveCfg = Debug|Any CPU
		{A01FD32B-BE41-47F7-A9BC-A421C875B66D}.Debug|Any CPU.Build.0 = Debug|Any CPU
		{A01FD32B-BE41-47F7-A9BC-A421C875B66D}.Release|Any CPU.ActiveCfg = Release|Any CPU
		{A01FD32B-BE41-47F7-A9BC-A421C875B66D}.Release|Any CPU.Build.0 = Release|Any CPU
		{9938D71D-35CD-4907-90B3-67C9F94FF78E}.Debug|Any CPU.ActiveCfg = Debug|Any CPU
		{9938D71D-35CD-4907-90B3-67C9F94FF78E}.Debug|Any CPU.Build.0 = Debug|Any CPU
		{9938D71D-35CD-4907-90B3-67C9F94FF78E}.Release|Any CPU.ActiveCfg = Release|Any CPU
		{9938D71D-35CD-4907-90B3-67C9F94FF78E}.Release|Any CPU.Build.0 = Release|Any CPU
	EndGlobalSection
	GlobalSection(SolutionProperties) = preSolution
		HideSolutionNode = FALSE
	EndGlobalSection
	GlobalSection(NestedProjects) = preSolution
		{BB8DCD64-54EC-41C5-9EED-85BF6FB1E3A7} = {649A3FFA-182F-4E56-9717-E6A9A2BEC545}
		{45CA90F7-3A0A-47A4-A67D-36152EEA75C8} = {649A3FFA-182F-4E56-9717-E6A9A2BEC545}
		{9F5CB4BF-E399-4723-98AD-862695EA7FC8} = {CCD2960C-23CC-4AB4-B84D-60C7AAA52F4D}
		{1D1020B9-3122-46E7-A742-8F0EB34B7057} = {649A3FFA-182F-4E56-9717-E6A9A2BEC545}
		{EC20B824-CC45-4DFC-B99B-35C234F05F1C} = {CCD2960C-23CC-4AB4-B84D-60C7AAA52F4D}
		{3C853515-FE31-454A-9D70-9B6F03E5FD06} = {649A3FFA-182F-4E56-9717-E6A9A2BEC545}
		{F77D93E6-42F2-4E7B-95BB-DC2AC618C1AB} = {649A3FFA-182F-4E56-9717-E6A9A2BEC545}
		{08EE4250-56E1-40DC-BB39-345C6D30314A} = {649A3FFA-182F-4E56-9717-E6A9A2BEC545}
		{C1510843-0EB3-40E9-987B-87E29C73BC66} = {649A3FFA-182F-4E56-9717-E6A9A2BEC545}
		{61C283A8-6D0F-4720-AA53-56CDC9144D36} = {649A3FFA-182F-4E56-9717-E6A9A2BEC545}
		{A01FD32B-BE41-47F7-A9BC-A421C875B66D} = {649A3FFA-182F-4E56-9717-E6A9A2BEC545}
		{9938D71D-35CD-4907-90B3-67C9F94FF78E} = {649A3FFA-182F-4E56-9717-E6A9A2BEC545}
	EndGlobalSection
	GlobalSection(ExtensibilityGlobals) = postSolution
		SolutionGuid = {23F7E3B9-D00C-4251-9E36-E691E8181A8C}
	EndGlobalSection
EndGlobal
